{
  "pins" : [
    {
      "identity" : "youtubekit",
      "kind" : "remoteSourceControl",
      "location" : "https://github.com/alexeichhorn/YouTubeKit.git",
      "state" : {
        "revision" : "8748eddb22c8ea78858fdb4653bd568054a0de1a",
        "version" : "0.1.9"
      }
    }
  ],
  "version" : 2
}
